// !$*UTF8*$!
{
	archiveVersion = 1;
	classes = {
	};
	objectVersion = 56;
	objects = {

/* Begin PBXBuildFile section */
		5F45091C2A76F08E006341EA /* Category.swift in Sources */ = {isa = PBXBuildFile; fileRef = 5F45091B2A76F08D006341EA /* Category.swift */; };
		5FD530B42A74D119005C7121 /* CategoriesViewController.swift in Sources */ = {isa = PBXBuildFile; fileRef = 5FD530B32A74D119005C7121 /* CategoriesViewController.swift */; };
		5FD530B62A74D277005C7121 /* DifficultiesViewController.swift in Sources */ = {isa = PBXBuildFile; fileRef = 5FD530B52A74D277005C7121 /* DifficultiesViewController.swift */; };
		5FE60BD52A76E13300737F78 /* QuizViewController.swift in Sources */ = {isa = PBXBuildFile; fileRef = 5FE60BD42A76E13300737F78 /* QuizViewController.swift */; };
		811DF4DC2A76CB5300D7977D /* User.swift in Sources */ = {isa = PBXBuildFile; fileRef = 811DF4DB2A76CB5300D7977D /* User.swift */; };
		811DF4DF2A76CD4400D7977D /* HomeViewController.swift in Sources */ = {isa = PBXBuildFile; fileRef = 811DF4DE2A76CD4400D7977D /* HomeViewController.swift */; };
		811DF4E12A76CFBE00D7977D /* UserViewController.swift in Sources */ = {isa = PBXBuildFile; fileRef = 811DF4E02A76CFBE00D7977D /* UserViewController.swift */; };
		811DF4E32A76D78700D7977D /* FinalViewController.swift in Sources */ = {isa = PBXBuildFile; fileRef = 811DF4E22A76D78700D7977D /* FinalViewController.swift */; };
		81D315452A5DAC670069E140 /* AppDelegate.swift in Sources */ = {isa = PBXBuildFile; fileRef = 81D315442A5DAC670069E140 /* AppDelegate.swift */; };
		81D315472A5DAC670069E140 /* SceneDelegate.swift in Sources */ = {isa = PBXBuildFile; fileRef = 81D315462A5DAC670069E140 /* SceneDelegate.swift */; };
		81D315492A5DAC670069E140 /* ViewController.swift in Sources */ = {isa = PBXBuildFile; fileRef = 81D315482A5DAC670069E140 /* ViewController.swift */; };
		81D3154C2A5DAC670069E140 /* Main.storyboard in Resources */ = {isa = PBXBuildFile; fileRef = 81D3154A2A5DAC670069E140 /* Main.storyboard */; };
		81D3154E2A5DAC680069E140 /* Assets.xcassets in Resources */ = {isa = PBXBuildFile; fileRef = 81D3154D2A5DAC680069E140 /* Assets.xcassets */; };
		81D315512A5DAC680069E140 /* LaunchScreen.storyboard in Resources */ = {isa = PBXBuildFile; fileRef = 81D3154F2A5DAC680069E140 /* LaunchScreen.storyboard */; };
/* End PBXBuildFile section */

/* Begin PBXFileReference section */
		5F45091B2A76F08D006341EA /* Category.swift */ = {isa = PBXFileReference; lastKnownFileType = sourcecode.swift; path = Category.swift; sourceTree = "<group>"; };
		5FD530B32A74D119005C7121 /* CategoriesViewController.swift */ = {isa = PBXFileReference; lastKnownFileType = sourcecode.swift; path = CategoriesViewController.swift; sourceTree = "<group>"; };
		5FD530B52A74D277005C7121 /* DifficultiesViewController.swift */ = {isa = PBXFileReference; lastKnownFileType = sourcecode.swift; path = DifficultiesViewController.swift; sourceTree = "<group>"; };
		5FE60BD42A76E13300737F78 /* QuizViewController.swift */ = {isa = PBXFileReference; lastKnownFileType = sourcecode.swift; path = QuizViewController.swift; sourceTree = "<group>"; };
		811DF4DB2A76CB5300D7977D /* User.swift */ = {isa = PBXFileReference; lastKnownFileType = sourcecode.swift; path = User.swift; sourceTree = "<group>"; };
		811DF4DE2A76CD4400D7977D /* HomeViewController.swift */ = {isa = PBXFileReference; lastKnownFileType = sourcecode.swift; path = HomeViewController.swift; sourceTree = "<group>"; };
		811DF4E02A76CFBE00D7977D /* UserViewController.swift */ = {isa = PBXFileReference; lastKnownFileType = sourcecode.swift; path = UserViewController.swift; sourceTree = "<group>"; };
		811DF4E22A76D78700D7977D /* FinalViewController.swift */ = {isa = PBXFileReference; lastKnownFileType = sourcecode.swift; path = FinalViewController.swift; sourceTree = "<group>"; };
		81D315412A5DAC670069E140 /* Quiz_Whiz.app */ = {isa = PBXFileReference; explicitFileType = wrapper.application; includeInIndex = 0; path = Quiz_Whiz.app; sourceTree = BUILT_PRODUCTS_DIR; };
		81D315442A5DAC670069E140 /* AppDelegate.swift */ = {isa = PBXFileReference; lastKnownFileType = sourcecode.swift; path = AppDelegate.swift; sourceTree = "<group>"; };
		81D315462A5DAC670069E140 /* SceneDelegate.swift */ = {isa = PBXFileReference; lastKnownFileType = sourcecode.swift; path = SceneDelegate.swift; sourceTree = "<group>"; };
		81D315482A5DAC670069E140 /* ViewController.swift */ = {isa = PBXFileReference; lastKnownFileType = sourcecode.swift; path = ViewController.swift; sourceTree = "<group>"; };
		81D3154B2A5DAC670069E140 /* Base */ = {isa = PBXFileReference; lastKnownFileType = file.storyboard; name = Base; path = Base.lproj/Main.storyboard; sourceTree = "<group>"; };
		81D3154D2A5DAC680069E140 /* Assets.xcassets */ = {isa = PBXFileReference; lastKnownFileType = folder.assetcatalog; path = Assets.xcassets; sourceTree = "<group>"; };
		81D315502A5DAC680069E140 /* Base */ = {isa = PBXFileReference; lastKnownFileType = file.storyboard; name = Base; path = Base.lproj/LaunchScreen.storyboard; sourceTree = "<group>"; };
		81D315522A5DAC680069E140 /* Info.plist */ = {isa = PBXFileReference; lastKnownFileType = text.plist.xml; path = Info.plist; sourceTree = "<group>"; };
/* End PBXFileReference section */

/* Begin PBXFrameworksBuildPhase section */
		81D3153E2A5DAC670069E140 /* Frameworks */ = {
			isa = PBXFrameworksBuildPhase;
			buildActionMask = 2147483647;
			files = (
			);
			runOnlyForDeploymentPostprocessing = 0;
		};
/* End PBXFrameworksBuildPhase section */

/* Begin PBXGroup section */
		811DF4DA2A76CB4300D7977D /* Classes */ = {
			isa = PBXGroup;
			children = (
				811DF4DB2A76CB5300D7977D /* User.swift */,
				5F45091B2A76F08D006341EA /* Category.swift */,
			);
			path = Classes;
			sourceTree = "<group>";
		};
		811DF4DD2A76CD3400D7977D /* Controllers */ = {
			isa = PBXGroup;
			children = (
				5FD530B52A74D277005C7121 /* DifficultiesViewController.swift */,
				5FD530B32A74D119005C7121 /* CategoriesViewController.swift */,
				811DF4DE2A76CD4400D7977D /* HomeViewController.swift */,
				811DF4E02A76CFBE00D7977D /* UserViewController.swift */,
				811DF4E22A76D78700D7977D /* FinalViewController.swift */,
				5FE60BD42A76E13300737F78 /* QuizViewController.swift */,
			);
			path = Controllers;
			sourceTree = "<group>";
		};
		81D315382A5DAC670069E140 = {
			isa = PBXGroup;
			children = (
				81D315432A5DAC670069E140 /* Quiz_Whiz */,
				81D315422A5DAC670069E140 /* Products */,
			);
			sourceTree = "<group>";
		};
		81D315422A5DAC670069E140 /* Products */ = {
			isa = PBXGroup;
			children = (
				81D315412A5DAC670069E140 /* Quiz_Whiz.app */,
			);
			name = Products;
			sourceTree = "<group>";
		};
		81D315432A5DAC670069E140 /* Quiz_Whiz */ = {
			isa = PBXGroup;
			children = (
				811DF4DD2A76CD3400D7977D /* Controllers */,
				811DF4DA2A76CB4300D7977D /* Classes */,
				81D315442A5DAC670069E140 /* AppDelegate.swift */,
				81D315462A5DAC670069E140 /* SceneDelegate.swift */,
				81D315482A5DAC670069E140 /* ViewController.swift */,
				81D3154A2A5DAC670069E140 /* Main.storyboard */,
				81D3154D2A5DAC680069E140 /* Assets.xcassets */,
				81D3154F2A5DAC680069E140 /* LaunchScreen.storyboard */,
				81D315522A5DAC680069E140 /* Info.plist */,
			);
			path = Quiz_Whiz;
			sourceTree = "<group>";
		};
/* End PBXGroup section */

/* Begin PBXNativeTarget section */
		81D315402A5DAC670069E140 /* Quiz_Whiz */ = {
			isa = PBXNativeTarget;
			buildConfigurationList = 81D315552A5DAC680069E140 /* Build configuration list for PBXNativeTarget "Quiz_Whiz" */;
			buildPhases = (
				81D3153D2A5DAC670069E140 /* Sources */,
				81D3153E2A5DAC670069E140 /* Frameworks */,
				81D3153F2A5DAC670069E140 /* Resources */,
			);
			buildRules = (
			);
			dependencies = (
			);
			name = Quiz_Whiz;
			productName = Quiz_Whiz;
			productReference = 81D315412A5DAC670069E140 /* Quiz_Whiz.app */;
			productType = "com.apple.product-type.application";
		};
/* End PBXNativeTarget section */

/* Begin PBXProject section */
		81D315392A5DAC670069E140 /* Project object */ = {
			isa = PBXProject;
			attributes = {
				BuildIndependentTargetsInParallel = 1;
				LastSwiftUpdateCheck = 1430;
				LastUpgradeCheck = 1430;
				TargetAttributes = {
					81D315402A5DAC670069E140 = {
						CreatedOnToolsVersion = 14.3.1;
					};
				};
			};
			buildConfigurationList = 81D3153C2A5DAC670069E140 /* Build configuration list for PBXProject "Quiz_Whiz" */;
			compatibilityVersion = "Xcode 14.0";
			developmentRegion = en;
			hasScannedForEncodings = 0;
			knownRegions = (
				en,
				Base,
			);
			mainGroup = 81D315382A5DAC670069E140;
			productRefGroup = 81D315422A5DAC670069E140 /* Products */;
			projectDirPath = "";
			projectRoot = "";
			targets = (
				81D315402A5DAC670069E140 /* Quiz_Whiz */,
			);
		};
/* End PBXProject section */

/* Begin PBXResourcesBuildPhase section */
		81D3153F2A5DAC670069E140 /* Resources */ = {
			isa = PBXResourcesBuildPhase;
			buildActionMask = 2147483647;
			files = (
				81D315512A5DAC680069E140 /* LaunchScreen.storyboard in Resources */,
				81D3154E2A5DAC680069E140 /* Assets.xcassets in Resources */,
				81D3154C2A5DAC670069E140 /* Main.storyboard in Resources */,
			);
			runOnlyForDeploymentPostprocessing = 0;
		};
/* End PBXResourcesBuildPhase section */

/* Begin PBXSourcesBuildPhase section */
		81D3153D2A5DAC670069E140 /* Sources */ = {
			isa = PBXSourcesBuildPhase;
			buildActionMask = 2147483647;
			files = (
				81D315492A5DAC670069E140 /* ViewController.swift in Sources */,
				5FE60BD52A76E13300737F78 /* QuizViewController.swift in Sources */,
				811DF4E32A76D78700D7977D /* FinalViewController.swift in Sources */,
				811DF4E12A76CFBE00D7977D /* UserViewController.swift in Sources */,
				81D315452A5DAC670069E140 /* AppDelegate.swift in Sources */,
				811DF4DC2A76CB5300D7977D /* User.swift in Sources */,
				5FD530B42A74D119005C7121 /* CategoriesViewController.swift in Sources */,
				81D315472A5DAC670069E140 /* SceneDelegate.swift in Sources */,
				811DF4DF2A76CD4400D7977D /* HomeViewController.swift in Sources */,
				5FD530B62A74D277005C7121 /* DifficultiesViewController.swift in Sources */,
				5F45091C2A76F08E006341EA /* Category.swift in Sources */,
			);
			runOnlyForDeploymentPostprocessing = 0;
		};
/* End PBXSourcesBuildPhase section */

/* Begin PBXVariantGroup section */
		81D3154A2A5DAC670069E140 /* Main.storyboard */ = {
			isa = PBXVariantGroup;
			children = (
				81D3154B2A5DAC670069E140 /* Base */,
			);
			name = Main.storyboard;
			sourceTree = "<group>";
		};
		81D3154F2A5DAC680069E140 /* LaunchScreen.storyboard */ = {
			isa = PBXVariantGroup;
			children = (
				81D315502A5DAC680069E140 /* Base */,
			);
			name = LaunchScreen.storyboard;
			sourceTree = "<group>";
		};
/* End PBXVariantGroup section */

/* Begin XCBuildConfiguration section */
		81D315532A5DAC680069E140 /* Debug */ = {
			isa = XCBuildConfiguration;
			buildSettings = {
				ALWAYS_SEARCH_USER_PATHS = NO;
				CLANG_ANALYZER_NONNULL = YES;
				CLANG_ANALYZER_NUMBER_OBJECT_CONVERSION = YES_AGGRESSIVE;
				CLANG_CXX_LANGUAGE_STANDARD = "gnu++20";
				CLANG_ENABLE_MODULES = YES;
				CLANG_ENABLE_OBJC_ARC = YES;
				CLANG_ENABLE_OBJC_WEAK = YES;
				CLANG_WARN_BLOCK_CAPTURE_AUTORELEASING = YES;
				CLANG_WARN_BOOL_CONVERSION = YES;
				CLANG_WARN_COMMA = YES;
				CLANG_WARN_CONSTANT_CONVERSION = YES;
				CLANG_WARN_DEPRECATED_OBJC_IMPLEMENTATIONS = YES;
				CLANG_WARN_DIRECT_OBJC_ISA_USAGE = YES_ERROR;
				CLANG_WARN_DOCUMENTATION_COMMENTS = YES;
				CLANG_WARN_EMPTY_BODY = YES;
				CLANG_WARN_ENUM_CONVERSION = YES;
				CLANG_WARN_INFINITE_RECURSION = YES;
				CLANG_WARN_INT_CONVERSION = YES;
				CLANG_WARN_NON_LITERAL_NULL_CONVERSION = YES;
				CLANG_WARN_OBJC_IMPLICIT_RETAIN_SELF = YES;
				CLANG_WARN_OBJC_LITERAL_CONVERSION = YES;
				CLANG_WARN_OBJC_ROOT_CLASS = YES_ERROR;
				CLANG_WARN_QUOTED_INCLUDE_IN_FRAMEWORK_HEADER = YES;
				CLANG_WARN_RANGE_LOOP_ANALYSIS = YES;
				CLANG_WARN_STRICT_PROTOTYPES = YES;
				CLANG_WARN_SUSPICIOUS_MOVE = YES;
				CLANG_WARN_UNGUARDED_AVAILABILITY = YES_AGGRESSIVE;
				CLANG_WARN_UNREACHABLE_CODE = YES;
				CLANG_WARN__DUPLICATE_METHOD_MATCH = YES;
				COPY_PHASE_STRIP = NO;
				DEBUG_INFORMATION_FORMAT = dwarf;
				ENABLE_STRICT_OBJC_MSGSEND = YES;
				ENABLE_TESTABILITY = YES;
				GCC_C_LANGUAGE_STANDARD = gnu11;
				GCC_DYNAMIC_NO_PIC = NO;
				GCC_NO_COMMON_BLOCKS = YES;
				GCC_OPTIMIZATION_LEVEL = 0;
				GCC_PREPROCESSOR_DEFINITIONS = (
					"DEBUG=1",
					"$(inherited)",
				);
				GCC_WARN_64_TO_32_BIT_CONVERSION = YES;
				GCC_WARN_ABOUT_RETURN_TYPE = YES_ERROR;
				GCC_WARN_UNDECLARED_SELECTOR = YES;
				GCC_WARN_UNINITIALIZED_AUTOS = YES_AGGRESSIVE;
				GCC_WARN_UNUSED_FUNCTION = YES;
				GCC_WARN_UNUSED_VARIABLE = YES;
				IPHONEOS_DEPLOYMENT_TARGET = 16.4;
				MTL_ENABLE_DEBUG_INFO = INCLUDE_SOURCE;
				MTL_FAST_MATH = YES;
				ONLY_ACTIVE_ARCH = YES;
				SDKROOT = iphoneos;
				SWIFT_ACTIVE_COMPILATION_CONDITIONS = DEBUG;
				SWIFT_OPTIMIZATION_LEVEL = "-Onone";
			};
			name = Debug;
		};
		81D315542A5DAC680069E140 /* Release */ = {
			isa = XCBuildConfiguration;
			buildSettings = {
				ALWAYS_SEARCH_USER_PATHS = NO;
				CLANG_ANALYZER_NONNULL = YES;
				CLANG_ANALYZER_NUMBER_OBJECT_CONVERSION = YES_AGGRESSIVE;
				CLANG_CXX_LANGUAGE_STANDARD = "gnu++20";
				CLANG_ENABLE_MODULES = YES;
				CLANG_ENABLE_OBJC_ARC = YES;
				CLANG_ENABLE_OBJC_WEAK = YES;
				CLANG_WARN_BLOCK_CAPTURE_AUTORELEASING = YES;
				CLANG_WARN_BOOL_CONVERSION = YES;
				CLANG_WARN_COMMA = YES;
				CLANG_WARN_CONSTANT_CONVERSION = YES;
				CLANG_WARN_DEPRECATED_OBJC_IMPLEMENTATIONS = YES;
				CLANG_WARN_DIRECT_OBJC_ISA_USAGE = YES_ERROR;
				CLANG_WARN_DOCUMENTATION_COMMENTS = YES;
				CLANG_WARN_EMPTY_BODY = YES;
				CLANG_WARN_ENUM_CONVERSION = YES;
				CLANG_WARN_INFINITE_RECURSION = YES;
				CLANG_WARN_INT_CONVERSION = YES;
				CLANG_WARN_NON_LITERAL_NULL_CONVERSION = YES;
				CLANG_WARN_OBJC_IMPLICIT_RETAIN_SELF = YES;
				CLANG_WARN_OBJC_LITERAL_CONVERSION = YES;
				CLANG_WARN_OBJC_ROOT_CLASS = YES_ERROR;
				CLANG_WARN_QUOTED_INCLUDE_IN_FRAMEWORK_HEADER = YES;
				CLANG_WARN_RANGE_LOOP_ANALYSIS = YES;
				CLANG_WARN_STRICT_PROTOTYPES = YES;
				CLANG_WARN_SUSPICIOUS_MOVE = YES;
				CLANG_WARN_UNGUARDED_AVAILABILITY = YES_AGGRESSIVE;
				CLANG_WARN_UNREACHABLE_CODE = YES;
				CLANG_WARN__DUPLICATE_METHOD_MATCH = YES;
				COPY_PHASE_STRIP = NO;
				DEBUG_INFORMATION_FORMAT = "dwarf-with-dsym";
				ENABLE_NS_ASSERTIONS = NO;
				ENABLE_STRICT_OBJC_MSGSEND = YES;
				GCC_C_LANGUAGE_STANDARD = gnu11;
				GCC_NO_COMMON_BLOCKS = YES;
				GCC_WARN_64_TO_32_BIT_CONVERSION = YES;
				GCC_WARN_ABOUT_RETURN_TYPE = YES_ERROR;
				GCC_WARN_UNDECLARED_SELECTOR = YES;
				GCC_WARN_UNINITIALIZED_AUTOS = YES_AGGRESSIVE;
				GCC_WARN_UNUSED_FUNCTION = YES;
				GCC_WARN_UNUSED_VARIABLE = YES;
				IPHONEOS_DEPLOYMENT_TARGET = 16.4;
				MTL_ENABLE_DEBUG_INFO = NO;
				MTL_FAST_MATH = YES;
				SDKROOT = iphoneos;
				SWIFT_COMPILATION_MODE = wholemodule;
				SWIFT_OPTIMIZATION_LEVEL = "-O";
				VALIDATE_PRODUCT = YES;
			};
			name = Release;
		};
		81D315562A5DAC680069E140 /* Debug */ = {
			isa = XCBuildConfiguration;
			buildSettings = {
				ASSETCATALOG_COMPILER_APPICON_NAME = AppIcon;
				ASSETCATALOG_COMPILER_GLOBAL_ACCENT_COLOR_NAME = AccentColor;
				CODE_SIGN_STYLE = Automatic;
				CURRENT_PROJECT_VERSION = 1;
				GENERATE_INFOPLIST_FILE = YES;
				INFOPLIST_FILE = Quiz_Whiz/Info.plist;
				INFOPLIST_KEY_UIApplicationSupportsIndirectInputEvents = YES;
				INFOPLIST_KEY_UILaunchStoryboardName = LaunchScreen;
				INFOPLIST_KEY_UIMainStoryboardFile = Main;
				INFOPLIST_KEY_UISupportedInterfaceOrientations_iPad = "UIInterfaceOrientationPortrait UIInterfaceOrientationPortraitUpsideDown UIInterfaceOrientationLandscapeLeft UIInterfaceOrientationLandscapeRight";
				INFOPLIST_KEY_UISupportedInterfaceOrientations_iPhone = "UIInterfaceOrientationPortrait UIInterfaceOrientationLandscapeLeft UIInterfaceOrientationLandscapeRight";
				LD_RUNPATH_SEARCH_PATHS = (
					"$(inherited)",
					"@executable_path/Frameworks",
				);
				MARKETING_VERSION = 1.0;
				PRODUCT_BUNDLE_IDENTIFIER = "the-relaxed-rascals.Quiz-Whiz";
				PRODUCT_NAME = "$(TARGET_NAME)";
				SWIFT_EMIT_LOC_STRINGS = YES;
				SWIFT_VERSION = 5.0;
				TARGETED_DEVICE_FAMILY = "1,2";
			};
			name = Debug;
		};
		81D315572A5DAC680069E140 /* Release */ = {
			isa = XCBuildConfiguration;
			buildSettings = {
				ASSETCATALOG_COMPILER_APPICON_NAME = AppIcon;
				ASSETCATALOG_COMPILER_GLOBAL_ACCENT_COLOR_NAME = AccentColor;
				CODE_SIGN_STYLE = Automatic;
				CURRENT_PROJECT_VERSION = 1;
				GENERATE_INFOPLIST_FILE = YES;
				INFOPLIST_FILE = Quiz_Whiz/Info.plist;
				INFOPLIST_KEY_UIApplicationSupportsIndirectInputEvents = YES;
				INFOPLIST_KEY_UILaunchStoryboardName = LaunchScreen;
				INFOPLIST_KEY_UIMainStoryboardFile = Main;
				INFOPLIST_KEY_UISupportedInterfaceOrientations_iPad = "UIInterfaceOrientationPortrait UIInterfaceOrientationPortraitUpsideDown UIInterfaceOrientationLandscapeLeft UIInterfaceOrientationLandscapeRight";
				INFOPLIST_KEY_UISupportedInterfaceOrientations_iPhone = "UIInterfaceOrientationPortrait UIInterfaceOrientationLandscapeLeft UIInterfaceOrientationLandscapeRight";
				LD_RUNPATH_SEARCH_PATHS = (
					"$(inherited)",
					"@executable_path/Frameworks",
				);
				MARKETING_VERSION = 1.0;
				PRODUCT_BUNDLE_IDENTIFIER = "the-relaxed-rascals.Quiz-Whiz";
				PRODUCT_NAME = "$(TARGET_NAME)";
				SWIFT_EMIT_LOC_STRINGS = YES;
				SWIFT_VERSION = 5.0;
				TARGETED_DEVICE_FAMILY = "1,2";
			};
			name = Release;
		};
/* End XCBuildConfiguration section */

/* Begin XCConfigurationList section */
		81D3153C2A5DAC670069E140 /* Build configuration list for PBXProject "Quiz_Whiz" */ = {
			isa = XCConfigurationList;
			buildConfigurations = (
				81D315532A5DAC680069E140 /* Debug */,
				81D315542A5DAC680069E140 /* Release */,
			);
			defaultConfigurationIsVisible = 0;
			defaultConfigurationName = Release;
		};
		81D315552A5DAC680069E140 /* Build configuration list for PBXNativeTarget "Quiz_Whiz" */ = {
			isa = XCConfigurationList;
			buildConfigurations = (
				81D315562A5DAC680069E140 /* Debug */,
				81D315572A5DAC680069E140 /* Release */,
			);
			defaultConfigurationIsVisible = 0;
			defaultConfigurationName = Release;
		};
/* End XCConfigurationList section */
	};
	rootObject = 81D315392A5DAC670069E140 /* Project object */;
}
